
Microsoft Visual Studio Solution File, Format Version 12.00
# Visual Studio Version 17
VisualStudioVersion = 17.7.34031.279
MinimumVisualStudioVersion = 10.0.40219.1
Project("{888888A0-9F3D-457C-B088-3A5042F75D52}") = "Payroll Management System", "Payroll Management System.pyproj", "{F4B7FFDD-9D65-4F88-812C-1DE1D78892C2}"
EndProject
Global
	GlobalSection(SolutionConfigurationPlatforms) = preSolution
		Debug|Any CPU = Debug|Any CPU
		Release|Any CPU = Release|Any CPU
	EndGlobalSection
	GlobalSection(ProjectConfigurationPlatforms) = postSolution
		{F4B7FFDD-9D65-4F88-812C-1DE1D78892C2}.Debug|Any CPU.ActiveCfg = Debug|Any CPU
		{F4B7FFDD-9D65-4F88-812C-1DE1D78892C2}.Release|Any CPU.ActiveCfg = Release|Any CPU
	EndGlobalSection
	GlobalSection(SolutionProperties) = preSolution
		HideSolutionNode = FALSE
	EndGlobalSection
	GlobalSection(ExtensibilityGlobals) = postSolution
		SolutionGuid = {58B7D1EA-EE7A-4A09-AB16-D1D68DBAC20D}
	EndGlobalSection
EndGlobal
